
Microsoft Visual Studio Solution File, Format Version 12.00
# Visual Studio Version 16
VisualStudioVersion = 16.0.30320.27
MinimumVisualStudioVersion = 10.0.40219.1
Project("{FAE04EC0-301F-11D3-BF4B-00C04F79EFBC}") = "A2-ICT525", "A2-ICT525\A2-ICT525.csproj", "{87FEC3D9-484C-44E0-8ED9-CFF11D7EFC80}"
EndProject
Global
	GlobalSection(SolutionConfigurationPlatforms) = preSolution
		Debug|Any CPU = Debug|Any CPU
		Release|Any CPU = Release|Any CPU
	EndGlobalSection
	GlobalSection(ProjectConfigurationPlatforms) = postSolution
		{87FEC3D9-484C-44E0-8ED9-CFF11D7EFC80}.Debug|Any CPU.ActiveCfg = Debug|Any CPU
		{87FEC3D9-484C-44E0-8ED9-CFF11D7EFC80}.Debug|Any CPU.Build.0 = Debug|Any CPU
		{87FEC3D9-484C-44E0-8ED9-CFF11D7EFC80}.Release|Any CPU.ActiveCfg = Release|Any CPU
		{87FEC3D9-484C-44E0-8ED9-CFF11D7EFC80}.Release|Any CPU.Build.0 = Release|Any CPU
	EndGlobalSection
	GlobalSection(SolutionProperties) = preSolution
		HideSolutionNode = FALSE
	EndGlobalSection
	GlobalSection(ExtensibilityGlobals) = postSolution
		SolutionGuid = {70D15FFE-C69A-4DBF-A4E3-065071CB01A8}
	EndGlobalSection
EndGlobal
